# This file is automatically @generated by Cargo.
# It is not intended for manual editing.
version = 3

[[package]]
name = "elektra-rust"
version = "0.1.0"
dependencies = [
 "relative-path",
]

[[package]]
name = "relative-path"
version = "1.6.1"
source = "registry+https://github.com/rust-lang/crates.io-index"
checksum = "a49a831dc1e13c9392b660b162333d4cb0033bbbdfe6a1687177e59e89037c86"
